
Microsoft Visual Studio Solution File, Format Version 12.00
# Visual Studio Version 16
VisualStudioVersion = 16.0.30804.86
MinimumVisualStudioVersion = 10.0.40219.1
Project("{FAE04EC0-301F-11D3-BF4B-00C04F79EFBC}") = "Sistema_de_cadastro_Aurineth_Alves", "Sistema_de_cadastro_Aurineth_Alves.csproj", "{63475C4D-305C-489D-9111-EDFD4E3C73F2}"
EndProject
Global
	GlobalSection(SolutionConfigurationPlatforms) = preSolution
		Debug|Any CPU = Debug|Any CPU
		Release|Any CPU = Release|Any CPU
	EndGlobalSection
	GlobalSection(ProjectConfigurationPlatforms) = postSolution
		{63475C4D-305C-489D-9111-EDFD4E3C73F2}.Debug|Any CPU.ActiveCfg = Debug|Any CPU
		{63475C4D-305C-489D-9111-EDFD4E3C73F2}.Debug|Any CPU.Build.0 = Debug|Any CPU
		{63475C4D-305C-489D-9111-EDFD4E3C73F2}.Release|Any CPU.ActiveCfg = Release|Any CPU
		{63475C4D-305C-489D-9111-EDFD4E3C73F2}.Release|Any CPU.Build.0 = Release|Any CPU
	EndGlobalSection
	GlobalSection(SolutionProperties) = preSolution
		HideSolutionNode = FALSE
	EndGlobalSection
	GlobalSection(ExtensibilityGlobals) = postSolution
		SolutionGuid = {F991B873-762B-4152-B417-2EA5D0B00B13}
	EndGlobalSection
EndGlobal
